{
  "name": "scriptorium",
  "lockfileVersion": 3,
  "requires": true,
  "packages": {
    "": {
      "name": "scriptorium",
      "license": "UNLICENSED",
      "devDependencies": {
        "@alephscript/skills-scriptorium": "0.5.1"
      },
      "engines": {
        "node": ">=22"
      }
    },
    "node_modules/@alephscript/skills-scriptorium": {
      "version": "0.5.1",
      "resolved": "https://npm.scriptorium.escrivivir.co/@alephscript/skills-scriptorium/-/skills-scriptorium-0.5.1.tgz",
      "integrity": "sha512-7pZ3XWP9uAVRlEimOMQ3Ac/osq8JC0cQfOou0OE/pDqmkP/VKsp4ambmAEM0UfqDM53rTyAoyYk0zucgHc3tKw==",
      "dev": true,
      "license": "UNLICENSED",
      "engines": {
        "node": ">=22"
      }
    }
  }
}
